
Microsoft Visual Studio Solution File, Format Version 12.00
# Visual Studio Express 2013 for Windows Desktop
VisualStudioVersion = 12.0.40629.0
MinimumVisualStudioVersion = 10.0.40219.1
Project("{FAE04EC0-301F-11D3-BF4B-00C04F79EFBC}") = "Starter", "Starter\Starter.csproj", "{21E190FD-79FE-4A5F-8051-288288C93E27}"
EndProject
Project("{FAE04EC0-301F-11D3-BF4B-00C04F79EFBC}") = "BugTracker.DB", "BugTracker.DB\BugTracker.DB.csproj", "{5DA8E098-CF39-4B13-88CD-056E3021C0B6}"
EndProject
Project("{FAE04EC0-301F-11D3-BF4B-00C04F79EFBC}") = "Core", "Core\Core.csproj", "{88B80997-3B6A-4D74-B0AF-50A397F69D99}"
EndProject
Project("{FAE04EC0-301F-11D3-BF4B-00C04F79EFBC}") = "About", "About\About.csproj", "{5C9BCA76-89DD-418D-95E0-9570EA76804E}"
EndProject
Project("{FAE04EC0-301F-11D3-BF4B-00C04F79EFBC}") = "Settings", "Settings\Settings.csproj", "{29EB1875-A1FF-45F6-9C70-D32A7B97E12B}"
EndProject
Project("{FAE04EC0-301F-11D3-BF4B-00C04F79EFBC}") = "BugTracker.Projects", "BugTracker.Projects\BugTracker.Projects.csproj", "{D231F858-8CDE-4488-A625-E87E1F483BC2}"
EndProject
Project("{FAE04EC0-301F-11D3-BF4B-00C04F79EFBC}") = "BugTracker.Vocabulary", "BugTracker.Vocabulary\BugTracker.Vocabulary.csproj", "{7937ECC3-052C-482C-AFAA-C516C76AF9EC}"
EndProject
Project("{FAE04EC0-301F-11D3-BF4B-00C04F79EFBC}") = "BugTracker.Members", "BugTracker.Members\BugTracker.Members.csproj", "{FCE5A79A-E443-4283-AC8A-0E215A373A3A}"
EndProject
Project("{FAE04EC0-301F-11D3-BF4B-00C04F79EFBC}") = "BugTracker.Tickets", "BugTracker.Tickets\BugTracker.Tickets.csproj", "{C94188CB-D7EB-4DB5-955D-F7A98D3F5109}"
EndProject
Project("{FAE04EC0-301F-11D3-BF4B-00C04F79EFBC}") = "BugTracker.Ticket", "BugTracker.Ticket\BugTracker.Ticket.csproj", "{6870F5A0-6BA0-4475-B624-69389E8E8E46}"
EndProject
Project("{2150E333-8FDC-42A3-9474-1A3956D46DE8}") = ".nuget", ".nuget", "{C7C597D5-E095-45F3-A34E-5B66E3CC8C8C}"
	ProjectSection(SolutionItems) = preProject
		.nuget\packages.config = .nuget\packages.config
	EndProjectSection
EndProject
Project("{FAE04EC0-301F-11D3-BF4B-00C04F79EFBC}") = "BugTracker.DB.Tests", "BugTracker.DB.Tests\BugTracker.DB.Tests.csproj", "{B4E11D98-ED41-4D27-A3B2-029EDCA4583B}"
EndProject
Project("{FAE04EC0-301F-11D3-BF4B-00C04F79EFBC}") = "Core.Tests", "Core.Tests\Core.Tests.csproj", "{89932B60-09BB-4615-A8D8-717649674126}"
EndProject
Project("{FAE04EC0-301F-11D3-BF4B-00C04F79EFBC}") = "Translator", "Translator\Translator.csproj", "{EE431A77-74E9-447F-AA98-CD5BABD0AE07}"
EndProject
Project("{2150E333-8FDC-42A3-9474-1A3956D46DE8}") = "Main", "Main", "{794DE8BC-E180-40EC-9933-76776CBED702}"
EndProject
Project("{2150E333-8FDC-42A3-9474-1A3956D46DE8}") = "Bugtracker", "Bugtracker", "{051C16B8-9E2A-4E1E-94AE-9A0CD5162282}"
EndProject
Project("{2150E333-8FDC-42A3-9474-1A3956D46DE8}") = "Other", "Other", "{3F3D0432-F4A4-4EBF-9D7F-89D479464112}"
EndProject
Project("{2150E333-8FDC-42A3-9474-1A3956D46DE8}") = "Localization", "Localization", "{8CDB10BA-5EC7-4347-8945-2939C3D78455}"
EndProject
Global
	GlobalSection(SolutionConfigurationPlatforms) = preSolution
		Debug|Any CPU = Debug|Any CPU
		Release|Any CPU = Release|Any CPU
	EndGlobalSection
	GlobalSection(ProjectConfigurationPlatforms) = postSolution
		{21E190FD-79FE-4A5F-8051-288288C93E27}.Debug|Any CPU.ActiveCfg = Debug|Any CPU
		{21E190FD-79FE-4A5F-8051-288288C93E27}.Debug|Any CPU.Build.0 = Debug|Any CPU
		{21E190FD-79FE-4A5F-8051-288288C93E27}.Release|Any CPU.ActiveCfg = Release|Any CPU
		{21E190FD-79FE-4A5F-8051-288288C93E27}.Release|Any CPU.Build.0 = Release|Any CPU
		{5DA8E098-CF39-4B13-88CD-056E3021C0B6}.Debug|Any CPU.ActiveCfg = Debug|Any CPU
		{5DA8E098-CF39-4B13-88CD-056E3021C0B6}.Debug|Any CPU.Build.0 = Debug|Any CPU
		{5DA8E098-CF39-4B13-88CD-056E3021C0B6}.Release|Any CPU.ActiveCfg = Release|Any CPU
		{5DA8E098-CF39-4B13-88CD-056E3021C0B6}.Release|Any CPU.Build.0 = Release|Any CPU
		{88B80997-3B6A-4D74-B0AF-50A397F69D99}.Debug|Any CPU.ActiveCfg = Debug|Any CPU
		{88B80997-3B6A-4D74-B0AF-50A397F69D99}.Debug|Any CPU.Build.0 = Debug|Any CPU
		{88B80997-3B6A-4D74-B0AF-50A397F69D99}.Release|Any CPU.ActiveCfg = Release|Any CPU
		{88B80997-3B6A-4D74-B0AF-50A397F69D99}.Release|Any CPU.Build.0 = Release|Any CPU
		{5C9BCA76-89DD-418D-95E0-9570EA76804E}.Debug|Any CPU.ActiveCfg = Debug|Any CPU
		{5C9BCA76-89DD-418D-95E0-9570EA76804E}.Debug|Any CPU.Build.0 = Debug|Any CPU
		{5C9BCA76-89DD-418D-95E0-9570EA76804E}.Release|Any CPU.ActiveCfg = Release|Any CPU
		{5C9BCA76-89DD-418D-95E0-9570EA76804E}.Release|Any CPU.Build.0 = Release|Any CPU
		{29EB1875-A1FF-45F6-9C70-D32A7B97E12B}.Debug|Any CPU.ActiveCfg = Debug|Any CPU
		{29EB1875-A1FF-45F6-9C70-D32A7B97E12B}.Debug|Any CPU.Build.0 = Debug|Any CPU
		{29EB1875-A1FF-45F6-9C70-D32A7B97E12B}.Release|Any CPU.ActiveCfg = Release|Any CPU
		{29EB1875-A1FF-45F6-9C70-D32A7B97E12B}.Release|Any CPU.Build.0 = Release|Any CPU
		{D231F858-8CDE-4488-A625-E87E1F483BC2}.Debug|Any CPU.ActiveCfg = Debug|Any CPU
		{D231F858-8CDE-4488-A625-E87E1F483BC2}.Debug|Any CPU.Build.0 = Debug|Any CPU
		{D231F858-8CDE-4488-A625-E87E1F483BC2}.Release|Any CPU.ActiveCfg = Release|Any CPU
		{D231F858-8CDE-4488-A625-E87E1F483BC2}.Release|Any CPU.Build.0 = Release|Any CPU
		{7937ECC3-052C-482C-AFAA-C516C76AF9EC}.Debug|Any CPU.ActiveCfg = Debug|Any CPU
		{7937ECC3-052C-482C-AFAA-C516C76AF9EC}.Debug|Any CPU.Build.0 = Debug|Any CPU
		{7937ECC3-052C-482C-AFAA-C516C76AF9EC}.Release|Any CPU.ActiveCfg = Release|Any CPU
		{7937ECC3-052C-482C-AFAA-C516C76AF9EC}.Release|Any CPU.Build.0 = Release|Any CPU
		{FCE5A79A-E443-4283-AC8A-0E215A373A3A}.Debug|Any CPU.ActiveCfg = Debug|Any CPU
		{FCE5A79A-E443-4283-AC8A-0E215A373A3A}.Debug|Any CPU.Build.0 = Debug|Any CPU
		{FCE5A79A-E443-4283-AC8A-0E215A373A3A}.Release|Any CPU.ActiveCfg = Release|Any CPU
		{FCE5A79A-E443-4283-AC8A-0E215A373A3A}.Release|Any CPU.Build.0 = Release|Any CPU
		{C94188CB-D7EB-4DB5-955D-F7A98D3F5109}.Debug|Any CPU.ActiveCfg = Debug|Any CPU
		{C94188CB-D7EB-4DB5-955D-F7A98D3F5109}.Debug|Any CPU.Build.0 = Debug|Any CPU
		{C94188CB-D7EB-4DB5-955D-F7A98D3F5109}.Release|Any CPU.ActiveCfg = Release|Any CPU
		{C94188CB-D7EB-4DB5-955D-F7A98D3F5109}.Release|Any CPU.Build.0 = Release|Any CPU
		{6870F5A0-6BA0-4475-B624-69389E8E8E46}.Debug|Any CPU.ActiveCfg = Debug|Any CPU
		{6870F5A0-6BA0-4475-B624-69389E8E8E46}.Debug|Any CPU.Build.0 = Debug|Any CPU
		{6870F5A0-6BA0-4475-B624-69389E8E8E46}.Release|Any CPU.ActiveCfg = Release|Any CPU
		{6870F5A0-6BA0-4475-B624-69389E8E8E46}.Release|Any CPU.Build.0 = Release|Any CPU
		{B4E11D98-ED41-4D27-A3B2-029EDCA4583B}.Debug|Any CPU.ActiveCfg = Debug|Any CPU
		{B4E11D98-ED41-4D27-A3B2-029EDCA4583B}.Debug|Any CPU.Build.0 = Debug|Any CPU
		{B4E11D98-ED41-4D27-A3B2-029EDCA4583B}.Release|Any CPU.ActiveCfg = Release|Any CPU
		{B4E11D98-ED41-4D27-A3B2-029EDCA4583B}.Release|Any CPU.Build.0 = Release|Any CPU
		{89932B60-09BB-4615-A8D8-717649674126}.Debug|Any CPU.ActiveCfg = Debug|Any CPU
		{89932B60-09BB-4615-A8D8-717649674126}.Debug|Any CPU.Build.0 = Debug|Any CPU
		{89932B60-09BB-4615-A8D8-717649674126}.Release|Any CPU.ActiveCfg = Release|Any CPU
		{89932B60-09BB-4615-A8D8-717649674126}.Release|Any CPU.Build.0 = Release|Any CPU
		{EE431A77-74E9-447F-AA98-CD5BABD0AE07}.Debug|Any CPU.ActiveCfg = Debug|Any CPU
		{EE431A77-74E9-447F-AA98-CD5BABD0AE07}.Debug|Any CPU.Build.0 = Debug|Any CPU
		{EE431A77-74E9-447F-AA98-CD5BABD0AE07}.Release|Any CPU.ActiveCfg = Release|Any CPU
		{EE431A77-74E9-447F-AA98-CD5BABD0AE07}.Release|Any CPU.Build.0 = Release|Any CPU
	EndGlobalSection
	GlobalSection(SolutionProperties) = preSolution
		HideSolutionNode = FALSE
	EndGlobalSection
	GlobalSection(NestedProjects) = preSolution
		{21E190FD-79FE-4A5F-8051-288288C93E27} = {794DE8BC-E180-40EC-9933-76776CBED702}
		{5DA8E098-CF39-4B13-88CD-056E3021C0B6} = {051C16B8-9E2A-4E1E-94AE-9A0CD5162282}
		{88B80997-3B6A-4D74-B0AF-50A397F69D99} = {794DE8BC-E180-40EC-9933-76776CBED702}
		{5C9BCA76-89DD-418D-95E0-9570EA76804E} = {3F3D0432-F4A4-4EBF-9D7F-89D479464112}
		{29EB1875-A1FF-45F6-9C70-D32A7B97E12B} = {794DE8BC-E180-40EC-9933-76776CBED702}
		{D231F858-8CDE-4488-A625-E87E1F483BC2} = {051C16B8-9E2A-4E1E-94AE-9A0CD5162282}
		{7937ECC3-052C-482C-AFAA-C516C76AF9EC} = {051C16B8-9E2A-4E1E-94AE-9A0CD5162282}
		{FCE5A79A-E443-4283-AC8A-0E215A373A3A} = {051C16B8-9E2A-4E1E-94AE-9A0CD5162282}
		{C94188CB-D7EB-4DB5-955D-F7A98D3F5109} = {051C16B8-9E2A-4E1E-94AE-9A0CD5162282}
		{6870F5A0-6BA0-4475-B624-69389E8E8E46} = {051C16B8-9E2A-4E1E-94AE-9A0CD5162282}
		{B4E11D98-ED41-4D27-A3B2-029EDCA4583B} = {051C16B8-9E2A-4E1E-94AE-9A0CD5162282}
		{89932B60-09BB-4615-A8D8-717649674126} = {794DE8BC-E180-40EC-9933-76776CBED702}
		{EE431A77-74E9-447F-AA98-CD5BABD0AE07} = {8CDB10BA-5EC7-4347-8945-2939C3D78455}
	EndGlobalSection
EndGlobal
