
Microsoft Visual Studio Solution File, Format Version 12.00
# Visual Studio Express 2013 for Windows Desktop
VisualStudioVersion = 12.0.40629.0
MinimumVisualStudioVersion = 10.0.40219.1
Project("{FAE04EC0-301F-11D3-BF4B-00C04F79EFBC}") = "BugTracker", "BugTracker\BugTracker.csproj", "{21E190FD-79FE-4A5F-8051-288288C93E27}"
EndProject
Project("{FAE04EC0-301F-11D3-BF4B-00C04F79EFBC}") = "BugTracker.DB", "BugTracker.DB\BugTracker.DB.csproj", "{5DA8E098-CF39-4B13-88CD-056E3021C0B6}"
EndProject
Project("{FAE04EC0-301F-11D3-BF4B-00C04F79EFBC}") = "BugTracker.Core", "BugTracker.Core\BugTracker.Core.csproj", "{88B80997-3B6A-4D74-B0AF-50A397F69D99}"
EndProject
Project("{FAE04EC0-301F-11D3-BF4B-00C04F79EFBC}") = "BugTracker.About", "BugTracker.About\BugTracker.About.csproj", "{5C9BCA76-89DD-418D-95E0-9570EA76804E}"
EndProject
Project("{FAE04EC0-301F-11D3-BF4B-00C04F79EFBC}") = "BugTracker.Settings", "BugTracker.Settings\BugTracker.Settings.csproj", "{29EB1875-A1FF-45F6-9C70-D32A7B97E12B}"
EndProject
Project("{FAE04EC0-301F-11D3-BF4B-00C04F79EFBC}") = "BugTracker.Projects", "BugTracker.Projects\BugTracker.Projects.csproj", "{D231F858-8CDE-4488-A625-E87E1F483BC2}"
EndProject
Project("{FAE04EC0-301F-11D3-BF4B-00C04F79EFBC}") = "BugTracker.Vocabulary", "BugTracker.Vocabulary\BugTracker.Vocabulary.csproj", "{7937ECC3-052C-482C-AFAA-C516C76AF9EC}"
EndProject
Project("{FAE04EC0-301F-11D3-BF4B-00C04F79EFBC}") = "BugTracker.Members", "BugTracker.Members\BugTracker.Members.csproj", "{FCE5A79A-E443-4283-AC8A-0E215A373A3A}"
EndProject
Project("{FAE04EC0-301F-11D3-BF4B-00C04F79EFBC}") = "BugTracker.Tickets", "BugTracker.Tickets\BugTracker.Tickets.csproj", "{C94188CB-D7EB-4DB5-955D-F7A98D3F5109}"
EndProject
Project("{FAE04EC0-301F-11D3-BF4B-00C04F79EFBC}") = "BugTracker.Ticket", "BugTracker.Ticket\BugTracker.Ticket.csproj", "{6870F5A0-6BA0-4475-B624-69389E8E8E46}"
EndProject
Project("{2150E333-8FDC-42A3-9474-1A3956D46DE8}") = ".nuget", ".nuget", "{C7C597D5-E095-45F3-A34E-5B66E3CC8C8C}"
	ProjectSection(SolutionItems) = preProject
		.nuget\packages.config = .nuget\packages.config
	EndProjectSection
EndProject
Project("{FAE04EC0-301F-11D3-BF4B-00C04F79EFBC}") = "BugTracker.DB.Tests", "BugTracker.DB.Tests\BugTracker.DB.Tests.csproj", "{B4E11D98-ED41-4D27-A3B2-029EDCA4583B}"
EndProject
Global
	GlobalSection(SolutionConfigurationPlatforms) = preSolution
		Debug|Any CPU = Debug|Any CPU
		Release|Any CPU = Release|Any CPU
	EndGlobalSection
	GlobalSection(ProjectConfigurationPlatforms) = postSolution
		{21E190FD-79FE-4A5F-8051-288288C93E27}.Debug|Any CPU.ActiveCfg = Debug|Any CPU
		{21E190FD-79FE-4A5F-8051-288288C93E27}.Debug|Any CPU.Build.0 = Debug|Any CPU
		{21E190FD-79FE-4A5F-8051-288288C93E27}.Release|Any CPU.ActiveCfg = Release|Any CPU
		{21E190FD-79FE-4A5F-8051-288288C93E27}.Release|Any CPU.Build.0 = Release|Any CPU
		{5DA8E098-CF39-4B13-88CD-056E3021C0B6}.Debug|Any CPU.ActiveCfg = Debug|Any CPU
		{5DA8E098-CF39-4B13-88CD-056E3021C0B6}.Debug|Any CPU.Build.0 = Debug|Any CPU
		{5DA8E098-CF39-4B13-88CD-056E3021C0B6}.Release|Any CPU.ActiveCfg = Release|Any CPU
		{5DA8E098-CF39-4B13-88CD-056E3021C0B6}.Release|Any CPU.Build.0 = Release|Any CPU
		{88B80997-3B6A-4D74-B0AF-50A397F69D99}.Debug|Any CPU.ActiveCfg = Debug|Any CPU
		{88B80997-3B6A-4D74-B0AF-50A397F69D99}.Debug|Any CPU.Build.0 = Debug|Any CPU
		{88B80997-3B6A-4D74-B0AF-50A397F69D99}.Release|Any CPU.ActiveCfg = Release|Any CPU
		{88B80997-3B6A-4D74-B0AF-50A397F69D99}.Release|Any CPU.Build.0 = Release|Any CPU
		{5C9BCA76-89DD-418D-95E0-9570EA76804E}.Debug|Any CPU.ActiveCfg = Debug|Any CPU
		{5C9BCA76-89DD-418D-95E0-9570EA76804E}.Debug|Any CPU.Build.0 = Debug|Any CPU
		{5C9BCA76-89DD-418D-95E0-9570EA76804E}.Release|Any CPU.ActiveCfg = Release|Any CPU
		{5C9BCA76-89DD-418D-95E0-9570EA76804E}.Release|Any CPU.Build.0 = Release|Any CPU
		{29EB1875-A1FF-45F6-9C70-D32A7B97E12B}.Debug|Any CPU.ActiveCfg = Debug|Any CPU
		{29EB1875-A1FF-45F6-9C70-D32A7B97E12B}.Debug|Any CPU.Build.0 = Debug|Any CPU
		{29EB1875-A1FF-45F6-9C70-D32A7B97E12B}.Release|Any CPU.ActiveCfg = Release|Any CPU
		{29EB1875-A1FF-45F6-9C70-D32A7B97E12B}.Release|Any CPU.Build.0 = Release|Any CPU
		{D231F858-8CDE-4488-A625-E87E1F483BC2}.Debug|Any CPU.ActiveCfg = Debug|Any CPU
		{D231F858-8CDE-4488-A625-E87E1F483BC2}.Debug|Any CPU.Build.0 = Debug|Any CPU
		{D231F858-8CDE-4488-A625-E87E1F483BC2}.Release|Any CPU.ActiveCfg = Release|Any CPU
		{D231F858-8CDE-4488-A625-E87E1F483BC2}.Release|Any CPU.Build.0 = Release|Any CPU
		{7937ECC3-052C-482C-AFAA-C516C76AF9EC}.Debug|Any CPU.ActiveCfg = Debug|Any CPU
		{7937ECC3-052C-482C-AFAA-C516C76AF9EC}.Debug|Any CPU.Build.0 = Debug|Any CPU
		{7937ECC3-052C-482C-AFAA-C516C76AF9EC}.Release|Any CPU.ActiveCfg = Release|Any CPU
		{7937ECC3-052C-482C-AFAA-C516C76AF9EC}.Release|Any CPU.Build.0 = Release|Any CPU
		{FCE5A79A-E443-4283-AC8A-0E215A373A3A}.Debug|Any CPU.ActiveCfg = Debug|Any CPU
		{FCE5A79A-E443-4283-AC8A-0E215A373A3A}.Debug|Any CPU.Build.0 = Debug|Any CPU
		{FCE5A79A-E443-4283-AC8A-0E215A373A3A}.Release|Any CPU.ActiveCfg = Release|Any CPU
		{FCE5A79A-E443-4283-AC8A-0E215A373A3A}.Release|Any CPU.Build.0 = Release|Any CPU
		{C94188CB-D7EB-4DB5-955D-F7A98D3F5109}.Debug|Any CPU.ActiveCfg = Debug|Any CPU
		{C94188CB-D7EB-4DB5-955D-F7A98D3F5109}.Debug|Any CPU.Build.0 = Debug|Any CPU
		{C94188CB-D7EB-4DB5-955D-F7A98D3F5109}.Release|Any CPU.ActiveCfg = Release|Any CPU
		{C94188CB-D7EB-4DB5-955D-F7A98D3F5109}.Release|Any CPU.Build.0 = Release|Any CPU
		{6870F5A0-6BA0-4475-B624-69389E8E8E46}.Debug|Any CPU.ActiveCfg = Debug|Any CPU
		{6870F5A0-6BA0-4475-B624-69389E8E8E46}.Debug|Any CPU.Build.0 = Debug|Any CPU
		{6870F5A0-6BA0-4475-B624-69389E8E8E46}.Release|Any CPU.ActiveCfg = Release|Any CPU
		{6870F5A0-6BA0-4475-B624-69389E8E8E46}.Release|Any CPU.Build.0 = Release|Any CPU
		{B4E11D98-ED41-4D27-A3B2-029EDCA4583B}.Debug|Any CPU.ActiveCfg = Debug|Any CPU
		{B4E11D98-ED41-4D27-A3B2-029EDCA4583B}.Debug|Any CPU.Build.0 = Debug|Any CPU
		{B4E11D98-ED41-4D27-A3B2-029EDCA4583B}.Release|Any CPU.ActiveCfg = Release|Any CPU
		{B4E11D98-ED41-4D27-A3B2-029EDCA4583B}.Release|Any CPU.Build.0 = Release|Any CPU
	EndGlobalSection
	GlobalSection(SolutionProperties) = preSolution
		HideSolutionNode = FALSE
	EndGlobalSection
EndGlobal
